schema: '2.0'
stages:
  ingest:
    cmd: python src/ingest.py
    deps:
    - path: athletes/athletes.csv
      hash: md5
      md5: ade8057a9ad4350dfade9180f021a96d
      size: 71546909
    - path: src/ingest.py
      hash: md5
      md5: a270df4b42053708d6108c27bae82995
      size: 728
    outs:
    - path: data/raw/athletes.csv
      hash: md5
      md5: ade8057a9ad4350dfade9180f021a96d
      size: 71546909
  clean:
    cmd: python src/clean.py
    deps:
    - path: data/raw/athletes.csv
      hash: md5
      md5: ade8057a9ad4350dfade9180f021a96d
      size: 71546909
    - path: src/clean.py
      hash: md5
      md5: f606f6bd2322f41bb21446974fa99c04
      size: 2538
    outs:
    - path: data/processed/athletes_clean.csv
      hash: md5
      md5: 8573e1792c230964a95f0546a8b38e98
      size: 10844078
  features_v1:
    cmd: python src/features.py --input data/raw/athletes.csv --output 
      data/processed/athletes_features_v1.csv
    deps:
    - path: data/raw/athletes.csv
      hash: md5
      md5: ade8057a9ad4350dfade9180f021a96d
      size: 71546909
    - path: src/features.py
      hash: md5
      md5: c28dd8a456a8cde39c0d57c03fdc0cfe
      size: 1277
    outs:
    - path: data/processed/athletes_features_v1.csv
      hash: md5
      md5: aaca83085a435a6431b60e8654a2bebc
      size: 72431904
  split_v1:
    cmd: "python src/split.py --input data/processed/athletes_features_v1.csv --train-out
      data/splits/train_v1.csv --test-out data/splits/test_v1.csv --seed 42 --test-size
      0.2\n"
    deps:
    - path: data/processed/athletes_features_v1.csv
      hash: md5
      md5: aaca83085a435a6431b60e8654a2bebc
      size: 72431904
    - path: src/split.py
      hash: md5
      md5: 637615c0d72d98ff1efbcec13e5bcbfb
      size: 1746
    params:
      params.yaml:
        seed: 42
        test_size: 0.2
    outs:
    - path: data/splits/test_v1.csv
      hash: md5
      md5: 78c099ac4b0695e2911f1d022765d2e2
      size: 6393126
    - path: data/splits/train_v1.csv
      hash: md5
      md5: 3012632bc18b1f7a16f8249899d6cf62
      size: 25679736
  train_v1:
    cmd: python src/train.py --train data/splits/train_v1.csv --model-out 
      models/model_v1.pkl
    deps:
    - path: data/splits/train_v1.csv
      hash: md5
      md5: 3012632bc18b1f7a16f8249899d6cf62
      size: 25679736
    - path: src/train.py
      hash: md5
      md5: 0d285f1f562f6e1e96f2fc74b0d7c60e
      size: 2658
    outs:
    - path: models/model_v1.pkl
      hash: md5
      md5: 20ef63e6c7dc10fd97f63946260a6c24
      size: 43306
  evaluate_v1:
    cmd: python src/evaluate.py --model models/model_v1.pkl --test 
      data/splits/test_v1.csv --metrics-out metrics/metrics_v1.json
    deps:
    - path: data/splits/test_v1.csv
      hash: md5
      md5: 78c099ac4b0695e2911f1d022765d2e2
      size: 6393126
    - path: models/model_v1.pkl
      hash: md5
      md5: 20ef63e6c7dc10fd97f63946260a6c24
      size: 43306
    - path: src/evaluate.py
      hash: md5
      md5: 20b71b72b0a9068bc6ba111b75270ea8
      size: 1517
    outs:
    - path: metrics/metrics_v1.json
      hash: md5
      md5: d1ebfe1b01d5db2ab14ae886a7f38ea9
      size: 113
  features_v2:
    cmd: python src/features.py --input data/processed/athletes_clean.csv 
      --output data/processed/athletes_features_v2.csv
    deps:
    - path: data/processed/athletes_clean.csv
      hash: md5
      md5: 8573e1792c230964a95f0546a8b38e98
      size: 10844078
    - path: src/features.py
      hash: md5
      md5: c28dd8a456a8cde39c0d57c03fdc0cfe
      size: 1277
    outs:
    - path: data/processed/athletes_features_v2.csv
      hash: md5
      md5: 15b9c12d84dbdba997f9180b874d5481
      size: 11041594
  split_v2:
    cmd: "python src/split.py --input data/processed/athletes_features_v2.csv --train-out
      data/splits/train_v2.csv --test-out data/splits/test_v2.csv --seed 42 --test-size
      0.2\n"
    deps:
    - path: data/processed/athletes_features_v2.csv
      hash: md5
      md5: 15b9c12d84dbdba997f9180b874d5481
      size: 11041594
    - path: src/split.py
      hash: md5
      md5: 637615c0d72d98ff1efbcec13e5bcbfb
      size: 1746
    params:
      params.yaml:
        seed: 42
        test_size: 0.2
    outs:
    - path: data/splits/test_v2.csv
      hash: md5
      md5: 742699ab3177add80115bd590c516480
      size: 2206582
    - path: data/splits/train_v2.csv
      hash: md5
      md5: 63ca039a3848e005441d78bde01d2059
      size: 8835128
  train_v2:
    cmd: python src/train.py --train data/splits/train_v2.csv --model-out 
      models/model_v2.pkl
    deps:
    - path: data/splits/train_v2.csv
      hash: md5
      md5: 63ca039a3848e005441d78bde01d2059
      size: 8835128
    - path: src/train.py
      hash: md5
      md5: 0d285f1f562f6e1e96f2fc74b0d7c60e
      size: 2658
    outs:
    - path: models/model_v2.pkl
      hash: md5
      md5: c26296424a96561776d8aeac5bc64e6e
      size: 39946
  evaluate_v2:
    cmd: python src/evaluate.py --model models/model_v2.pkl --test 
      data/splits/test_v2.csv --metrics-out metrics/metrics_v2.json
    deps:
    - path: data/splits/test_v2.csv
      hash: md5
      md5: 742699ab3177add80115bd590c516480
      size: 2206582
    - path: models/model_v2.pkl
      hash: md5
      md5: c26296424a96561776d8aeac5bc64e6e
      size: 39946
    - path: src/evaluate.py
      hash: md5
      md5: 20b71b72b0a9068bc6ba111b75270ea8
      size: 1517
    outs:
    - path: metrics/metrics_v2.json
      hash: md5
      md5: d00555252ec763ec4b9c9616832ece8c
      size: 112
